// !$*UTF8*$!
{
	archiveVersion = 1;
	classes = {
	};
	objectVersion = 46;
	objects = {

/* Begin PBXBuildFile section */
		90993F36159777BC00FC1D49 /* UIKit.framework in Frameworks */ = {isa = PBXBuildFile; fileRef = 90993F35159777BC00FC1D49 /* UIKit.framework */; };
		90993F38159777BC00FC1D49 /* Foundation.framework in Frameworks */ = {isa = PBXBuildFile; fileRef = 90993F37159777BC00FC1D49 /* Foundation.framework */; };
		90993F3A159777BC00FC1D49 /* CoreGraphics.framework in Frameworks */ = {isa = PBXBuildFile; fileRef = 90993F39159777BC00FC1D49 /* CoreGraphics.framework */; };
		90993F40159777BC00FC1D49 /* InfoPlist.strings in Resources */ = {isa = PBXBuildFile; fileRef = 90993F3E159777BC00FC1D49 /* InfoPlist.strings */; };
		90993F42159777BC00FC1D49 /* main.m in Sources */ = {isa = PBXBuildFile; fileRef = 90993F41159777BC00FC1D49 /* main.m */; };
		90993F46159777BC00FC1D49 /* AppDelegate.m in Sources */ = {isa = PBXBuildFile; fileRef = 90993F45159777BC00FC1D49 /* AppDelegate.m */; };
		90993F49159777BC00FC1D49 /* MainStoryboard.storyboard in Resources */ = {isa = PBXBuildFile; fileRef = 90993F47159777BC00FC1D49 /* MainStoryboard.storyboard */; };
		90993F4C159777BC00FC1D49 /* ViewController.m in Sources */ = {isa = PBXBuildFile; fileRef = 90993F4B159777BC00FC1D49 /* ViewController.m */; };
		90993F571597781400FC1D49 /* Default.png in Resources */ = {isa = PBXBuildFile; fileRef = 90993F561597781400FC1D49 /* Default.png */; };
		90993F591597782100FC1D49 /* Default@2x.png in Resources */ = {isa = PBXBuildFile; fileRef = 90993F581597782100FC1D49 /* Default@2x.png */; };
		90993F5D1597795B00FC1D49 /* Home.m in Sources */ = {isa = PBXBuildFile; fileRef = 90993F5B1597795B00FC1D49 /* Home.m */; };
		90B6B0B715994A0B005E4BCB /* RegisterNavigation.m in Sources */ = {isa = PBXBuildFile; fileRef = 90B6B0B615994A0B005E4BCB /* RegisterNavigation.m */; };
		90B6B0BA15994A1B005E4BCB /* RegisterView.m in Sources */ = {isa = PBXBuildFile; fileRef = 90B6B0B915994A1B005E4BCB /* RegisterView.m */; };
		90B6B0D31599EF22005E4BCB /* Icon.png in Resources */ = {isa = PBXBuildFile; fileRef = 90B6B0D21599EF22005E4BCB /* Icon.png */; };
		90B6B0D51599EF26005E4BCB /* Icon@2x.png in Resources */ = {isa = PBXBuildFile; fileRef = 90B6B0D41599EF26005E4BCB /* Icon@2x.png */; };
		90B6B0D71599F121005E4BCB /* plainArc.png in Resources */ = {isa = PBXBuildFile; fileRef = 90B6B0D61599F121005E4BCB /* plainArc.png */; };
		90B6B0ED159A04E6005E4BCB /* NewNSObject+SBJSON.m in Sources */ = {isa = PBXBuildFile; fileRef = 90B6B0E2159A04E6005E4BCB /* NewNSObject+SBJSON.m */; };
		90B6B0EE159A04E6005E4BCB /* NewNSString+SBJSON.m in Sources */ = {isa = PBXBuildFile; fileRef = 90B6B0E4159A04E6005E4BCB /* NewNSString+SBJSON.m */; };
		90B6B0EF159A04E6005E4BCB /* NewSBJSON.m in Sources */ = {isa = PBXBuildFile; fileRef = 90B6B0E6159A04E6005E4BCB /* NewSBJSON.m */; };
		90B6B0F0159A04E6005E4BCB /* NewSBJsonBase.m in Sources */ = {isa = PBXBuildFile; fileRef = 90B6B0E8159A04E6005E4BCB /* NewSBJsonBase.m */; };
		90B6B0F1159A04E6005E4BCB /* NewSBJsonParser.m in Sources */ = {isa = PBXBuildFile; fileRef = 90B6B0EA159A04E6005E4BCB /* NewSBJsonParser.m */; };
		90B6B0F2159A04E6005E4BCB /* NewSBJsonWriter.m in Sources */ = {isa = PBXBuildFile; fileRef = 90B6B0EC159A04E6005E4BCB /* NewSBJsonWriter.m */; };
		90B6B0FD159A1D6C005E4BCB /* Merchant.m in Sources */ = {isa = PBXBuildFile; fileRef = 90B6B0FC159A1D6C005E4BCB /* Merchant.m */; };
		90B6B104159A3FFA005E4BCB /* Restaurant.m in Sources */ = {isa = PBXBuildFile; fileRef = 90B6B103159A3FFA005E4BCB /* Restaurant.m */; };
		90B6B10E159A4F87005E4BCB /* InvoiceView.m in Sources */ = {isa = PBXBuildFile; fileRef = 90B6B10D159A4F86005E4BCB /* InvoiceView.m */; };
		90B6B111159A4F95005E4BCB /* Invoice.m in Sources */ = {isa = PBXBuildFile; fileRef = 90B6B110159A4F95005E4BCB /* Invoice.m */; };
		90BFD0901597928D00F5285E /* HomeNavigationController.m in Sources */ = {isa = PBXBuildFile; fileRef = 90BFD08F1597928D00F5285E /* HomeNavigationController.m */; };
		90BFD0931597943600F5285E /* rowButton.png in Resources */ = {isa = PBXBuildFile; fileRef = 90BFD0921597943600F5285E /* rowButton.png */; };
		90FBDA5C159A5FDF0051609A /* receiptBack.png in Resources */ = {isa = PBXBuildFile; fileRef = 90FBDA5B159A5FDF0051609A /* receiptBack.png */; };
		90FBDA5F159A63CB0051609A /* SettingsView.m in Sources */ = {isa = PBXBuildFile; fileRef = 90FBDA5E159A63CB0051609A /* SettingsView.m */; };
		90FBDA62159A63D50051609A /* HelpView.m in Sources */ = {isa = PBXBuildFile; fileRef = 90FBDA61159A63D50051609A /* HelpView.m */; };
		90FBDA65159A63E40051609A /* ContactUsView.m in Sources */ = {isa = PBXBuildFile; fileRef = 90FBDA64159A63E40051609A /* ContactUsView.m */; };
		90FBDA74159A70E50051609A /* MessageUI.framework in Frameworks */ = {isa = PBXBuildFile; fileRef = 90FBDA73159A70E50051609A /* MessageUI.framework */; };
		90FBDA78159A77180051609A /* foursquareconnect.jpeg in Resources */ = {isa = PBXBuildFile; fileRef = 90FBDA75159A77180051609A /* foursquareconnect.jpeg */; };
		90FBDA79159A77180051609A /* twitterconnect.jpeg in Resources */ = {isa = PBXBuildFile; fileRef = 90FBDA76159A77180051609A /* twitterconnect.jpeg */; };
		90FBDA7A159A77180051609A /* facebookconnect.jpeg in Resources */ = {isa = PBXBuildFile; fileRef = 90FBDA77159A77180051609A /* facebookconnect.jpeg */; };
		90FBDAA4159B46760051609A /* DwollaPayment.m in Sources */ = {isa = PBXBuildFile; fileRef = 90FBDAA3159B46760051609A /* DwollaPayment.m */; };
		90FBDAB0159B49FF0051609A /* QuartzCore.framework in Frameworks */ = {isa = PBXBuildFile; fileRef = 90FBDAAF159B49FF0051609A /* QuartzCore.framework */; };
		90FBDABD159C91D00051609A /* libxml2.dylib in Frameworks */ = {isa = PBXBuildFile; fileRef = 90FBDABC159C91CF0051609A /* libxml2.dylib */; };
		90FBDABF159C91D60051609A /* Security.framework in Frameworks */ = {isa = PBXBuildFile; fileRef = 90FBDABE159C91D60051609A /* Security.framework */; };
/* End PBXBuildFile section */

/* Begin PBXFileReference section */
		90993F31159777BC00FC1D49 /* ARC.app */ = {isa = PBXFileReference; explicitFileType = wrapper.application; includeInIndex = 0; path = ARC.app; sourceTree = BUILT_PRODUCTS_DIR; };
		90993F35159777BC00FC1D49 /* UIKit.framework */ = {isa = PBXFileReference; lastKnownFileType = wrapper.framework; name = UIKit.framework; path = System/Library/Frameworks/UIKit.framework; sourceTree = SDKROOT; };
		90993F37159777BC00FC1D49 /* Foundation.framework */ = {isa = PBXFileReference; lastKnownFileType = wrapper.framework; name = Foundation.framework; path = System/Library/Frameworks/Foundation.framework; sourceTree = SDKROOT; };
		90993F39159777BC00FC1D49 /* CoreGraphics.framework */ = {isa = PBXFileReference; lastKnownFileType = wrapper.framework; name = CoreGraphics.framework; path = System/Library/Frameworks/CoreGraphics.framework; sourceTree = SDKROOT; };
		90993F3D159777BC00FC1D49 /* ARC-Info.plist */ = {isa = PBXFileReference; lastKnownFileType = text.plist.xml; path = "ARC-Info.plist"; sourceTree = "<group>"; };
		90993F3F159777BC00FC1D49 /* en */ = {isa = PBXFileReference; lastKnownFileType = text.plist.strings; name = en; path = en.lproj/InfoPlist.strings; sourceTree = "<group>"; };
		90993F41159777BC00FC1D49 /* main.m */ = {isa = PBXFileReference; lastKnownFileType = sourcecode.c.objc; path = main.m; sourceTree = "<group>"; };
		90993F43159777BC00FC1D49 /* ARC-Prefix.pch */ = {isa = PBXFileReference; lastKnownFileType = sourcecode.c.h; path = "ARC-Prefix.pch"; sourceTree = "<group>"; };
		90993F44159777BC00FC1D49 /* AppDelegate.h */ = {isa = PBXFileReference; lastKnownFileType = sourcecode.c.h; path = AppDelegate.h; sourceTree = "<group>"; };
		90993F45159777BC00FC1D49 /* AppDelegate.m */ = {isa = PBXFileReference; lastKnownFileType = sourcecode.c.objc; path = AppDelegate.m; sourceTree = "<group>"; };
		90993F48159777BC00FC1D49 /* en */ = {isa = PBXFileReference; lastKnownFileType = file.storyboard; name = en; path = en.lproj/MainStoryboard.storyboard; sourceTree = "<group>"; };
		90993F4A159777BC00FC1D49 /* ViewController.h */ = {isa = PBXFileReference; lastKnownFileType = sourcecode.c.h; path = ViewController.h; sourceTree = "<group>"; };
		90993F4B159777BC00FC1D49 /* ViewController.m */ = {isa = PBXFileReference; lastKnownFileType = sourcecode.c.objc; path = ViewController.m; sourceTree = "<group>"; };
		90993F561597781400FC1D49 /* Default.png */ = {isa = PBXFileReference; lastKnownFileType = image.png; path = Default.png; sourceTree = "<group>"; };
		90993F581597782100FC1D49 /* Default@2x.png */ = {isa = PBXFileReference; lastKnownFileType = image.png; path = "Default@2x.png"; sourceTree = "<group>"; };
		90993F5A1597795B00FC1D49 /* Home.h */ = {isa = PBXFileReference; fileEncoding = 4; lastKnownFileType = sourcecode.c.h; path = Home.h; sourceTree = "<group>"; };
		90993F5B1597795B00FC1D49 /* Home.m */ = {isa = PBXFileReference; fileEncoding = 4; lastKnownFileType = sourcecode.c.objc; path = Home.m; sourceTree = "<group>"; };
		90B6B0B515994A0B005E4BCB /* RegisterNavigation.h */ = {isa = PBXFileReference; fileEncoding = 4; lastKnownFileType = sourcecode.c.h; path = RegisterNavigation.h; sourceTree = "<group>"; };
		90B6B0B615994A0B005E4BCB /* RegisterNavigation.m */ = {isa = PBXFileReference; fileEncoding = 4; lastKnownFileType = sourcecode.c.objc; path = RegisterNavigation.m; sourceTree = "<group>"; };
		90B6B0B815994A1B005E4BCB /* RegisterView.h */ = {isa = PBXFileReference; fileEncoding = 4; lastKnownFileType = sourcecode.c.h; path = RegisterView.h; sourceTree = "<group>"; };
		90B6B0B915994A1B005E4BCB /* RegisterView.m */ = {isa = PBXFileReference; fileEncoding = 4; lastKnownFileType = sourcecode.c.objc; path = RegisterView.m; sourceTree = "<group>"; };
		90B6B0D21599EF22005E4BCB /* Icon.png */ = {isa = PBXFileReference; lastKnownFileType = image.png; path = Icon.png; sourceTree = "<group>"; };
		90B6B0D41599EF26005E4BCB /* Icon@2x.png */ = {isa = PBXFileReference; lastKnownFileType = image.png; path = "Icon@2x.png"; sourceTree = "<group>"; };
		90B6B0D61599F121005E4BCB /* plainArc.png */ = {isa = PBXFileReference; lastKnownFileType = image.png; path = plainArc.png; sourceTree = "<group>"; };
		90B6B0E0159A04E5005E4BCB /* NewJSON.h */ = {isa = PBXFileReference; fileEncoding = 4; lastKnownFileType = sourcecode.c.h; path = NewJSON.h; sourceTree = "<group>"; };
		90B6B0E1159A04E5005E4BCB /* NewNSObject+SBJSON.h */ = {isa = PBXFileReference; fileEncoding = 4; lastKnownFileType = sourcecode.c.h; path = "NewNSObject+SBJSON.h"; sourceTree = "<group>"; };
		90B6B0E2159A04E6005E4BCB /* NewNSObject+SBJSON.m */ = {isa = PBXFileReference; fileEncoding = 4; lastKnownFileType = sourcecode.c.objc; path = "NewNSObject+SBJSON.m"; sourceTree = "<group>"; };
		90B6B0E3159A04E6005E4BCB /* NewNSString+SBJSON.h */ = {isa = PBXFileReference; fileEncoding = 4; lastKnownFileType = sourcecode.c.h; path = "NewNSString+SBJSON.h"; sourceTree = "<group>"; };
		90B6B0E4159A04E6005E4BCB /* NewNSString+SBJSON.m */ = {isa = PBXFileReference; fileEncoding = 4; lastKnownFileType = sourcecode.c.objc; path = "NewNSString+SBJSON.m"; sourceTree = "<group>"; };
		90B6B0E5159A04E6005E4BCB /* NewSBJSON.h */ = {isa = PBXFileReference; fileEncoding = 4; lastKnownFileType = sourcecode.c.h; path = NewSBJSON.h; sourceTree = "<group>"; };
		90B6B0E6159A04E6005E4BCB /* NewSBJSON.m */ = {isa = PBXFileReference; fileEncoding = 4; lastKnownFileType = sourcecode.c.objc; path = NewSBJSON.m; sourceTree = "<group>"; };
		90B6B0E7159A04E6005E4BCB /* NewSBJsonBase.h */ = {isa = PBXFileReference; fileEncoding = 4; lastKnownFileType = sourcecode.c.h; path = NewSBJsonBase.h; sourceTree = "<group>"; };
		90B6B0E8159A04E6005E4BCB /* NewSBJsonBase.m */ = {isa = PBXFileReference; fileEncoding = 4; lastKnownFileType = sourcecode.c.objc; path = NewSBJsonBase.m; sourceTree = "<group>"; };
		90B6B0EA159A04E6005E4BCB /* NewSBJsonParser.m */ = {isa = PBXFileReference; fileEncoding = 4; lastKnownFileType = sourcecode.c.objc; path = NewSBJsonParser.m; sourceTree = "<group>"; };
		90B6B0EB159A04E6005E4BCB /* NewSBJsonWriter.h */ = {isa = PBXFileReference; fileEncoding = 4; lastKnownFileType = sourcecode.c.h; path = NewSBJsonWriter.h; sourceTree = "<group>"; };
		90B6B0EC159A04E6005E4BCB /* NewSBJsonWriter.m */ = {isa = PBXFileReference; fileEncoding = 4; lastKnownFileType = sourcecode.c.objc; path = NewSBJsonWriter.m; sourceTree = "<group>"; };
		90B6B0F3159A06E9005E4BCB /* NewSBJsonParser.h */ = {isa = PBXFileReference; fileEncoding = 4; lastKnownFileType = sourcecode.c.h; path = NewSBJsonParser.h; sourceTree = "<group>"; };
		90B6B0FB159A1D6B005E4BCB /* Merchant.h */ = {isa = PBXFileReference; fileEncoding = 4; lastKnownFileType = sourcecode.c.h; path = Merchant.h; sourceTree = "<group>"; };
		90B6B0FC159A1D6C005E4BCB /* Merchant.m */ = {isa = PBXFileReference; fileEncoding = 4; lastKnownFileType = sourcecode.c.objc; path = Merchant.m; sourceTree = "<group>"; };
		90B6B102159A3FFA005E4BCB /* Restaurant.h */ = {isa = PBXFileReference; fileEncoding = 4; lastKnownFileType = sourcecode.c.h; path = Restaurant.h; sourceTree = "<group>"; };
		90B6B103159A3FFA005E4BCB /* Restaurant.m */ = {isa = PBXFileReference; fileEncoding = 4; lastKnownFileType = sourcecode.c.objc; path = Restaurant.m; sourceTree = "<group>"; };
		90B6B10C159A4F86005E4BCB /* InvoiceView.h */ = {isa = PBXFileReference; fileEncoding = 4; lastKnownFileType = sourcecode.c.h; path = InvoiceView.h; sourceTree = "<group>"; };
		90B6B10D159A4F86005E4BCB /* InvoiceView.m */ = {isa = PBXFileReference; fileEncoding = 4; lastKnownFileType = sourcecode.c.objc; path = InvoiceView.m; sourceTree = "<group>"; };
		90B6B10F159A4F94005E4BCB /* Invoice.h */ = {isa = PBXFileReference; fileEncoding = 4; lastKnownFileType = sourcecode.c.h; path = Invoice.h; sourceTree = "<group>"; };
		90B6B110159A4F95005E4BCB /* Invoice.m */ = {isa = PBXFileReference; fileEncoding = 4; lastKnownFileType = sourcecode.c.objc; path = Invoice.m; sourceTree = "<group>"; };
		90BFD08E1597928D00F5285E /* HomeNavigationController.h */ = {isa = PBXFileReference; fileEncoding = 4; lastKnownFileType = sourcecode.c.h; path = HomeNavigationController.h; sourceTree = "<group>"; };
		90BFD08F1597928D00F5285E /* HomeNavigationController.m */ = {isa = PBXFileReference; fileEncoding = 4; lastKnownFileType = sourcecode.c.objc; path = HomeNavigationController.m; sourceTree = "<group>"; };
		90BFD0921597943600F5285E /* rowButton.png */ = {isa = PBXFileReference; lastKnownFileType = image.png; path = rowButton.png; sourceTree = "<group>"; };
		90FBDA5B159A5FDF0051609A /* receiptBack.png */ = {isa = PBXFileReference; lastKnownFileType = image.png; path = receiptBack.png; sourceTree = "<group>"; };
		90FBDA5D159A63CB0051609A /* SettingsView.h */ = {isa = PBXFileReference; fileEncoding = 4; lastKnownFileType = sourcecode.c.h; path = SettingsView.h; sourceTree = "<group>"; };
		90FBDA5E159A63CB0051609A /* SettingsView.m */ = {isa = PBXFileReference; fileEncoding = 4; lastKnownFileType = sourcecode.c.objc; path = SettingsView.m; sourceTree = "<group>"; };
		90FBDA60159A63D50051609A /* HelpView.h */ = {isa = PBXFileReference; fileEncoding = 4; lastKnownFileType = sourcecode.c.h; path = HelpView.h; sourceTree = "<group>"; };
		90FBDA61159A63D50051609A /* HelpView.m */ = {isa = PBXFileReference; fileEncoding = 4; lastKnownFileType = sourcecode.c.objc; path = HelpView.m; sourceTree = "<group>"; };
		90FBDA63159A63E40051609A /* ContactUsView.h */ = {isa = PBXFileReference; fileEncoding = 4; lastKnownFileType = sourcecode.c.h; path = ContactUsView.h; sourceTree = "<group>"; };
		90FBDA64159A63E40051609A /* ContactUsView.m */ = {isa = PBXFileReference; fileEncoding = 4; lastKnownFileType = sourcecode.c.objc; path = ContactUsView.m; sourceTree = "<group>"; };
		90FBDA73159A70E50051609A /* MessageUI.framework */ = {isa = PBXFileReference; lastKnownFileType = wrapper.framework; name = MessageUI.framework; path = System/Library/Frameworks/MessageUI.framework; sourceTree = SDKROOT; };
		90FBDA75159A77180051609A /* foursquareconnect.jpeg */ = {isa = PBXFileReference; lastKnownFileType = image.jpeg; path = foursquareconnect.jpeg; sourceTree = "<group>"; };
		90FBDA76159A77180051609A /* twitterconnect.jpeg */ = {isa = PBXFileReference; lastKnownFileType = image.jpeg; path = twitterconnect.jpeg; sourceTree = "<group>"; };
		90FBDA77159A77180051609A /* facebookconnect.jpeg */ = {isa = PBXFileReference; lastKnownFileType = image.jpeg; path = facebookconnect.jpeg; sourceTree = "<group>"; };
		90FBDAA2159B46760051609A /* DwollaPayment.h */ = {isa = PBXFileReference; fileEncoding = 4; lastKnownFileType = sourcecode.c.h; path = DwollaPayment.h; sourceTree = "<group>"; };
		90FBDAA3159B46760051609A /* DwollaPayment.m */ = {isa = PBXFileReference; fileEncoding = 4; lastKnownFileType = sourcecode.c.objc; path = DwollaPayment.m; sourceTree = "<group>"; };
		90FBDAAF159B49FF0051609A /* QuartzCore.framework */ = {isa = PBXFileReference; lastKnownFileType = wrapper.framework; name = QuartzCore.framework; path = System/Library/Frameworks/QuartzCore.framework; sourceTree = SDKROOT; };
		90FBDABC159C91CF0051609A /* libxml2.dylib */ = {isa = PBXFileReference; lastKnownFileType = "compiled.mach-o.dylib"; name = libxml2.dylib; path = usr/lib/libxml2.dylib; sourceTree = SDKROOT; };
		90FBDABE159C91D60051609A /* Security.framework */ = {isa = PBXFileReference; lastKnownFileType = wrapper.framework; name = Security.framework; path = System/Library/Frameworks/Security.framework; sourceTree = SDKROOT; };
/* End PBXFileReference section */

/* Begin PBXFrameworksBuildPhase section */
		90993F2E159777BC00FC1D49 /* Frameworks */ = {
			isa = PBXFrameworksBuildPhase;
			buildActionMask = 2147483647;
			files = (
				90FBDABF159C91D60051609A /* Security.framework in Frameworks */,
				90FBDABD159C91D00051609A /* libxml2.dylib in Frameworks */,
				90FBDAB0159B49FF0051609A /* QuartzCore.framework in Frameworks */,
				90FBDA74159A70E50051609A /* MessageUI.framework in Frameworks */,
				90993F36159777BC00FC1D49 /* UIKit.framework in Frameworks */,
				90993F38159777BC00FC1D49 /* Foundation.framework in Frameworks */,
				90993F3A159777BC00FC1D49 /* CoreGraphics.framework in Frameworks */,
			);
			runOnlyForDeploymentPostprocessing = 0;
		};
/* End PBXFrameworksBuildPhase section */

/* Begin PBXGroup section */
		90993F26159777BB00FC1D49 = {
			isa = PBXGroup;
			children = (
				90FBDABE159C91D60051609A /* Security.framework */,
				90FBDABC159C91CF0051609A /* libxml2.dylib */,
				90FBDAAF159B49FF0051609A /* QuartzCore.framework */,
				90FBDA73159A70E50051609A /* MessageUI.framework */,
				90B6B0D41599EF26005E4BCB /* Icon@2x.png */,
				90B6B0D21599EF22005E4BCB /* Icon.png */,
				90993F581597782100FC1D49 /* Default@2x.png */,
				90993F561597781400FC1D49 /* Default.png */,
				90BFD0921597943600F5285E /* rowButton.png */,
				90B6B0D61599F121005E4BCB /* plainArc.png */,
				90FBDA5B159A5FDF0051609A /* receiptBack.png */,
				90FBDA75159A77180051609A /* foursquareconnect.jpeg */,
				90FBDA76159A77180051609A /* twitterconnect.jpeg */,
				90FBDA77159A77180051609A /* facebookconnect.jpeg */,
				90993F3B159777BC00FC1D49 /* ARC */,
				90993F34159777BC00FC1D49 /* Frameworks */,
				90993F32159777BC00FC1D49 /* Products */,
			);
			sourceTree = "<group>";
		};
		90993F32159777BC00FC1D49 /* Products */ = {
			isa = PBXGroup;
			children = (
				90993F31159777BC00FC1D49 /* ARC.app */,
			);
			name = Products;
			sourceTree = "<group>";
		};
		90993F34159777BC00FC1D49 /* Frameworks */ = {
			isa = PBXGroup;
			children = (
				90993F35159777BC00FC1D49 /* UIKit.framework */,
				90993F37159777BC00FC1D49 /* Foundation.framework */,
				90993F39159777BC00FC1D49 /* CoreGraphics.framework */,
			);
			name = Frameworks;
			sourceTree = "<group>";
		};
		90993F3B159777BC00FC1D49 /* ARC */ = {
			isa = PBXGroup;
			children = (
				90993F44159777BC00FC1D49 /* AppDelegate.h */,
				90993F45159777BC00FC1D49 /* AppDelegate.m */,
				90993F47159777BC00FC1D49 /* MainStoryboard.storyboard */,
				90993F4A159777BC00FC1D49 /* ViewController.h */,
				90993F4B159777BC00FC1D49 /* ViewController.m */,
				90BFD08E1597928D00F5285E /* HomeNavigationController.h */,
				90BFD08F1597928D00F5285E /* HomeNavigationController.m */,
				90FBDA5D159A63CB0051609A /* SettingsView.h */,
				90FBDA5E159A63CB0051609A /* SettingsView.m */,
				90FBDA60159A63D50051609A /* HelpView.h */,
				90FBDA61159A63D50051609A /* HelpView.m */,
				90FBDA63159A63E40051609A /* ContactUsView.h */,
				90FBDA64159A63E40051609A /* ContactUsView.m */,
				90993F5A1597795B00FC1D49 /* Home.h */,
				90993F5B1597795B00FC1D49 /* Home.m */,
				90B6B102159A3FFA005E4BCB /* Restaurant.h */,
				90B6B103159A3FFA005E4BCB /* Restaurant.m */,
				90B6B0FB159A1D6B005E4BCB /* Merchant.h */,
				90B6B0FC159A1D6C005E4BCB /* Merchant.m */,
				90B6B10F159A4F94005E4BCB /* Invoice.h */,
				90B6B110159A4F95005E4BCB /* Invoice.m */,
				90B6B10C159A4F86005E4BCB /* InvoiceView.h */,
				90B6B10D159A4F86005E4BCB /* InvoiceView.m */,
				90FBDAA2159B46760051609A /* DwollaPayment.h */,
				90FBDAA3159B46760051609A /* DwollaPayment.m */,
				90B6B0B515994A0B005E4BCB /* RegisterNavigation.h */,
				90B6B0B615994A0B005E4BCB /* RegisterNavigation.m */,
				90B6B0B815994A1B005E4BCB /* RegisterView.h */,
				90B6B0B915994A1B005E4BCB /* RegisterView.m */,
				90B6B0E0159A04E5005E4BCB /* NewJSON.h */,
				90B6B0E1159A04E5005E4BCB /* NewNSObject+SBJSON.h */,
				90B6B0E2159A04E6005E4BCB /* NewNSObject+SBJSON.m */,
				90B6B0E3159A04E6005E4BCB /* NewNSString+SBJSON.h */,
				90B6B0E4159A04E6005E4BCB /* NewNSString+SBJSON.m */,
				90B6B0E5159A04E6005E4BCB /* NewSBJSON.h */,
				90B6B0E6159A04E6005E4BCB /* NewSBJSON.m */,
				90B6B0E7159A04E6005E4BCB /* NewSBJsonBase.h */,
				90B6B0E8159A04E6005E4BCB /* NewSBJsonBase.m */,
				90B6B0F3159A06E9005E4BCB /* NewSBJsonParser.h */,
				90B6B0EA159A04E6005E4BCB /* NewSBJsonParser.m */,
				90B6B0EB159A04E6005E4BCB /* NewSBJsonWriter.h */,
				90B6B0EC159A04E6005E4BCB /* NewSBJsonWriter.m */,
				90993F3C159777BC00FC1D49 /* Supporting Files */,
			);
			path = ARC;
			sourceTree = "<group>";
		};
		90993F3C159777BC00FC1D49 /* Supporting Files */ = {
			isa = PBXGroup;
			children = (
				90993F3D159777BC00FC1D49 /* ARC-Info.plist */,
				90993F3E159777BC00FC1D49 /* InfoPlist.strings */,
				90993F41159777BC00FC1D49 /* main.m */,
				90993F43159777BC00FC1D49 /* ARC-Prefix.pch */,
			);
			name = "Supporting Files";
			sourceTree = "<group>";
		};
/* End PBXGroup section */

/* Begin PBXNativeTarget section */
		90993F30159777BC00FC1D49 /* ARC */ = {
			isa = PBXNativeTarget;
			buildConfigurationList = 90993F4F159777BC00FC1D49 /* Build configuration list for PBXNativeTarget "ARC" */;
			buildPhases = (
				90993F2D159777BC00FC1D49 /* Sources */,
				90993F2E159777BC00FC1D49 /* Frameworks */,
				90993F2F159777BC00FC1D49 /* Resources */,
			);
			buildRules = (
			);
			dependencies = (
			);
			name = ARC;
			productName = ARC;
			productReference = 90993F31159777BC00FC1D49 /* ARC.app */;
			productType = "com.apple.product-type.application";
		};
/* End PBXNativeTarget section */

/* Begin PBXProject section */
		90993F28159777BB00FC1D49 /* Project object */ = {
			isa = PBXProject;
			attributes = {
				LastUpgradeCheck = 0430;
			};
			buildConfigurationList = 90993F2B159777BB00FC1D49 /* Build configuration list for PBXProject "ARC" */;
			compatibilityVersion = "Xcode 3.2";
			developmentRegion = English;
			hasScannedForEncodings = 0;
			knownRegions = (
				en,
			);
			mainGroup = 90993F26159777BB00FC1D49;
			productRefGroup = 90993F32159777BC00FC1D49 /* Products */;
			projectDirPath = "";
			projectRoot = "";
			targets = (
				90993F30159777BC00FC1D49 /* ARC */,
			);
		};
/* End PBXProject section */

/* Begin PBXResourcesBuildPhase section */
		90993F2F159777BC00FC1D49 /* Resources */ = {
			isa = PBXResourcesBuildPhase;
			buildActionMask = 2147483647;
			files = (
				90993F40159777BC00FC1D49 /* InfoPlist.strings in Resources */,
				90993F49159777BC00FC1D49 /* MainStoryboard.storyboard in Resources */,
				90993F571597781400FC1D49 /* Default.png in Resources */,
				90993F591597782100FC1D49 /* Default@2x.png in Resources */,
				90BFD0931597943600F5285E /* rowButton.png in Resources */,
				90B6B0D31599EF22005E4BCB /* Icon.png in Resources */,
				90B6B0D51599EF26005E4BCB /* Icon@2x.png in Resources */,
				90B6B0D71599F121005E4BCB /* plainArc.png in Resources */,
				90FBDA5C159A5FDF0051609A /* receiptBack.png in Resources */,
				90FBDA78159A77180051609A /* foursquareconnect.jpeg in Resources */,
				90FBDA79159A77180051609A /* twitterconnect.jpeg in Resources */,
				90FBDA7A159A77180051609A /* facebookconnect.jpeg in Resources */,
			);
			runOnlyForDeploymentPostprocessing = 0;
		};
/* End PBXResourcesBuildPhase section */

/* Begin PBXSourcesBuildPhase section */
		90993F2D159777BC00FC1D49 /* Sources */ = {
			isa = PBXSourcesBuildPhase;
			buildActionMask = 2147483647;
			files = (
				90993F42159777BC00FC1D49 /* main.m in Sources */,
				90993F46159777BC00FC1D49 /* AppDelegate.m in Sources */,
				90993F4C159777BC00FC1D49 /* ViewController.m in Sources */,
				90993F5D1597795B00FC1D49 /* Home.m in Sources */,
				90BFD0901597928D00F5285E /* HomeNavigationController.m in Sources */,
				90B6B0B715994A0B005E4BCB /* RegisterNavigation.m in Sources */,
				90B6B0BA15994A1B005E4BCB /* RegisterView.m in Sources */,
				90B6B0ED159A04E6005E4BCB /* NewNSObject+SBJSON.m in Sources */,
				90B6B0EE159A04E6005E4BCB /* NewNSString+SBJSON.m in Sources */,
				90B6B0EF159A04E6005E4BCB /* NewSBJSON.m in Sources */,
				90B6B0F0159A04E6005E4BCB /* NewSBJsonBase.m in Sources */,
				90B6B0F1159A04E6005E4BCB /* NewSBJsonParser.m in Sources */,
				90B6B0F2159A04E6005E4BCB /* NewSBJsonWriter.m in Sources */,
				90B6B0FD159A1D6C005E4BCB /* Merchant.m in Sources */,
				90B6B104159A3FFA005E4BCB /* Restaurant.m in Sources */,
				90B6B10E159A4F87005E4BCB /* InvoiceView.m in Sources */,
				90B6B111159A4F95005E4BCB /* Invoice.m in Sources */,
				90FBDA5F159A63CB0051609A /* SettingsView.m in Sources */,
				90FBDA62159A63D50051609A /* HelpView.m in Sources */,
				90FBDA65159A63E40051609A /* ContactUsView.m in Sources */,
				90FBDAA4159B46760051609A /* DwollaPayment.m in Sources */,
			);
			runOnlyForDeploymentPostprocessing = 0;
		};
/* End PBXSourcesBuildPhase section */

/* Begin PBXVariantGroup section */
		90993F3E159777BC00FC1D49 /* InfoPlist.strings */ = {
			isa = PBXVariantGroup;
			children = (
				90993F3F159777BC00FC1D49 /* en */,
			);
			name = InfoPlist.strings;
			sourceTree = "<group>";
		};
		90993F47159777BC00FC1D49 /* MainStoryboard.storyboard */ = {
			isa = PBXVariantGroup;
			children = (
				90993F48159777BC00FC1D49 /* en */,
			);
			name = MainStoryboard.storyboard;
			sourceTree = "<group>";
		};
/* End PBXVariantGroup section */

/* Begin XCBuildConfiguration section */
		90993F4D159777BC00FC1D49 /* Debug */ = {
			isa = XCBuildConfiguration;
			buildSettings = {
				ALWAYS_SEARCH_USER_PATHS = NO;
				ARCHS = "$(ARCHS_STANDARD_32_BIT)";
				CLANG_ENABLE_OBJC_ARC = YES;
				CODE_SIGN_IDENTITY = "iPhone Developer: Joseph Wroblewski (X5X79Y3ZRE)";
				"CODE_SIGN_IDENTITY[sdk=iphoneos*]" = "iPhone Developer: Joseph Wroblewski (X5X79Y3ZRE)";
				COPY_PHASE_STRIP = NO;
				GCC_C_LANGUAGE_STANDARD = gnu99;
				GCC_DYNAMIC_NO_PIC = NO;
				GCC_OPTIMIZATION_LEVEL = 0;
				GCC_PREPROCESSOR_DEFINITIONS = (
					"DEBUG=1",
					"$(inherited)",
				);
				GCC_SYMBOLS_PRIVATE_EXTERN = NO;
				GCC_VERSION = com.apple.compilers.llvm.clang.1_0;
				GCC_WARN_ABOUT_RETURN_TYPE = YES;
				GCC_WARN_UNINITIALIZED_AUTOS = YES;
				GCC_WARN_UNUSED_VARIABLE = YES;
				IPHONEOS_DEPLOYMENT_TARGET = 5.1;
				PROVISIONING_PROFILE = "4A5C1415-B4EB-4097-8B31-D9AB9C9064BA";
				"PROVISIONING_PROFILE[sdk=iphoneos*]" = "4A5C1415-B4EB-4097-8B31-D9AB9C9064BA";
				SDKROOT = iphoneos;
			};
			name = Debug;
		};
		90993F4E159777BC00FC1D49 /* Release */ = {
			isa = XCBuildConfiguration;
			buildSettings = {
				ALWAYS_SEARCH_USER_PATHS = NO;
				ARCHS = "$(ARCHS_STANDARD_32_BIT)";
				CLANG_ENABLE_OBJC_ARC = YES;
				CODE_SIGN_IDENTITY = "iPhone Distribution: Stretch Computing,Incorporated";
				"CODE_SIGN_IDENTITY[sdk=iphoneos*]" = "iPhone Distribution: Stretch Computing,Incorporated";
				COPY_PHASE_STRIP = YES;
				GCC_C_LANGUAGE_STANDARD = gnu99;
				GCC_VERSION = com.apple.compilers.llvm.clang.1_0;
				GCC_WARN_ABOUT_RETURN_TYPE = YES;
				GCC_WARN_UNINITIALIZED_AUTOS = YES;
				GCC_WARN_UNUSED_VARIABLE = YES;
				IPHONEOS_DEPLOYMENT_TARGET = 5.1;
				OTHER_CFLAGS = "-DNS_BLOCK_ASSERTIONS=1";
				PROVISIONING_PROFILE = "22618962-2320-4DC5-AAA9-36329F00BCBC";
				"PROVISIONING_PROFILE[sdk=iphoneos*]" = "22618962-2320-4DC5-AAA9-36329F00BCBC";
				SDKROOT = iphoneos;
				VALIDATE_PRODUCT = YES;
			};
			name = Release;
		};
		90993F50159777BC00FC1D49 /* Debug */ = {
			isa = XCBuildConfiguration;
			buildSettings = {
				GCC_PRECOMPILE_PREFIX_HEADER = YES;
				GCC_PREFIX_HEADER = "ARC/ARC-Prefix.pch";
				HEADER_SEARCH_PATHS = (
					"$SDKROOT/usr/include/libxml2/**",
					"/tmp/JSON.dst/usr/local/include/**",
					"/tmp/OAuth2Client.dst/usr/local/include/**",
				);
				INFOPLIST_FILE = "ARC/ARC-Info.plist";
				PRODUCT_NAME = "$(TARGET_NAME)";
				WRAPPER_EXTENSION = app;
			};
			name = Debug;
		};
		90993F51159777BC00FC1D49 /* Release */ = {
			isa = XCBuildConfiguration;
			buildSettings = {
				GCC_PRECOMPILE_PREFIX_HEADER = YES;
				GCC_PREFIX_HEADER = "ARC/ARC-Prefix.pch";
				HEADER_SEARCH_PATHS = (
					"$SDKROOT/usr/include/libxml2/**",
					"/tmp/JSON.dst/usr/local/include/**",
					"/tmp/OAuth2Client.dst/usr/local/include/**",
				);
				INFOPLIST_FILE = "ARC/ARC-Info.plist";
				PRODUCT_NAME = "$(TARGET_NAME)";
				WRAPPER_EXTENSION = app;
			};
			name = Release;
		};
		90FBDA8C159AA2A50051609A /* AdHoc */ = {
			isa = XCBuildConfiguration;
			buildSettings = {
				ALWAYS_SEARCH_USER_PATHS = NO;
				ARCHS = "$(ARCHS_STANDARD_32_BIT)";
				CLANG_ENABLE_OBJC_ARC = YES;
				CODE_SIGN_IDENTITY = "iPhone Distribution: Stretch Computing,Incorporated";
				"CODE_SIGN_IDENTITY[sdk=iphoneos*]" = "iPhone Distribution: Stretch Computing,Incorporated";
				COPY_PHASE_STRIP = YES;
				GCC_C_LANGUAGE_STANDARD = gnu99;
				GCC_VERSION = com.apple.compilers.llvm.clang.1_0;
				GCC_WARN_ABOUT_RETURN_TYPE = YES;
				GCC_WARN_UNINITIALIZED_AUTOS = YES;
				GCC_WARN_UNUSED_VARIABLE = YES;
				IPHONEOS_DEPLOYMENT_TARGET = 5.1;
				OTHER_CFLAGS = "-DNS_BLOCK_ASSERTIONS=1";
				PROVISIONING_PROFILE = "22618962-2320-4DC5-AAA9-36329F00BCBC";
				"PROVISIONING_PROFILE[sdk=iphoneos*]" = "22618962-2320-4DC5-AAA9-36329F00BCBC";
				SDKROOT = iphoneos;
				VALIDATE_PRODUCT = YES;
			};
			name = AdHoc;
		};
		90FBDA8D159AA2A50051609A /* AdHoc */ = {
			isa = XCBuildConfiguration;
			buildSettings = {
				GCC_PRECOMPILE_PREFIX_HEADER = YES;
				GCC_PREFIX_HEADER = "ARC/ARC-Prefix.pch";
				HEADER_SEARCH_PATHS = (
					"$SDKROOT/usr/include/libxml2/**",
					"/tmp/JSON.dst/usr/local/include/**",
					"/tmp/OAuth2Client.dst/usr/local/include/**",
				);
				INFOPLIST_FILE = "ARC/ARC-Info.plist";
				PRODUCT_NAME = "$(TARGET_NAME)";
				WRAPPER_EXTENSION = app;
			};
			name = AdHoc;
		};
/* End XCBuildConfiguration section */

/* Begin XCConfigurationList section */
		90993F2B159777BB00FC1D49 /* Build configuration list for PBXProject "ARC" */ = {
			isa = XCConfigurationList;
			buildConfigurations = (
				90993F4D159777BC00FC1D49 /* Debug */,
				90993F4E159777BC00FC1D49 /* Release */,
				90FBDA8C159AA2A50051609A /* AdHoc */,
			);
			defaultConfigurationIsVisible = 0;
			defaultConfigurationName = Release;
		};
		90993F4F159777BC00FC1D49 /* Build configuration list for PBXNativeTarget "ARC" */ = {
			isa = XCConfigurationList;
			buildConfigurations = (
				90993F50159777BC00FC1D49 /* Debug */,
				90993F51159777BC00FC1D49 /* Release */,
				90FBDA8D159AA2A50051609A /* AdHoc */,
			);
			defaultConfigurationIsVisible = 0;
			defaultConfigurationName = Release;
		};
/* End XCConfigurationList section */
	};
	rootObject = 90993F28159777BB00FC1D49 /* Project object */;
}
