// !$*UTF8*$!
{
	archiveVersion = 1;
	classes = {
	};
	objectVersion = 46;
	objects = {

/* Begin PBXBuildFile section */
		90993F36159777BC00FC1D49 /* UIKit.framework in Frameworks */ = {isa = PBXBuildFile; fileRef = 90993F35159777BC00FC1D49 /* UIKit.framework */; };
		90993F38159777BC00FC1D49 /* Foundation.framework in Frameworks */ = {isa = PBXBuildFile; fileRef = 90993F37159777BC00FC1D49 /* Foundation.framework */; };
		90993F3A159777BC00FC1D49 /* CoreGraphics.framework in Frameworks */ = {isa = PBXBuildFile; fileRef = 90993F39159777BC00FC1D49 /* CoreGraphics.framework */; };
		90993F40159777BC00FC1D49 /* InfoPlist.strings in Resources */ = {isa = PBXBuildFile; fileRef = 90993F3E159777BC00FC1D49 /* InfoPlist.strings */; };
		90993F42159777BC00FC1D49 /* main.m in Sources */ = {isa = PBXBuildFile; fileRef = 90993F41159777BC00FC1D49 /* main.m */; };
		90993F46159777BC00FC1D49 /* AppDelegate.m in Sources */ = {isa = PBXBuildFile; fileRef = 90993F45159777BC00FC1D49 /* AppDelegate.m */; };
		90993F49159777BC00FC1D49 /* MainStoryboard.storyboard in Resources */ = {isa = PBXBuildFile; fileRef = 90993F47159777BC00FC1D49 /* MainStoryboard.storyboard */; };
		90993F4C159777BC00FC1D49 /* ViewController.m in Sources */ = {isa = PBXBuildFile; fileRef = 90993F4B159777BC00FC1D49 /* ViewController.m */; };
		90993F531597780800FC1D49 /* Icon.png in Resources */ = {isa = PBXBuildFile; fileRef = 90993F521597780800FC1D49 /* Icon.png */; };
		90993F551597780B00FC1D49 /* Icon@2x.png in Resources */ = {isa = PBXBuildFile; fileRef = 90993F541597780B00FC1D49 /* Icon@2x.png */; };
		90993F571597781400FC1D49 /* Default.png in Resources */ = {isa = PBXBuildFile; fileRef = 90993F561597781400FC1D49 /* Default.png */; };
		90993F591597782100FC1D49 /* Default@2x.png in Resources */ = {isa = PBXBuildFile; fileRef = 90993F581597782100FC1D49 /* Default@2x.png */; };
		90993F5D1597795B00FC1D49 /* Home.m in Sources */ = {isa = PBXBuildFile; fileRef = 90993F5B1597795B00FC1D49 /* Home.m */; };
		90993F611597797000FC1D49 /* Register.m in Sources */ = {isa = PBXBuildFile; fileRef = 90993F601597796F00FC1D49 /* Register.m */; };
		90BFD0901597928D00F5285E /* HomeNavigationController.m in Sources */ = {isa = PBXBuildFile; fileRef = 90BFD08F1597928D00F5285E /* HomeNavigationController.m */; };
		90BFD0931597943600F5285E /* rowButton.png in Resources */ = {isa = PBXBuildFile; fileRef = 90BFD0921597943600F5285E /* rowButton.png */; };
/* End PBXBuildFile section */

/* Begin PBXFileReference section */
		90993F31159777BC00FC1D49 /* ARC.app */ = {isa = PBXFileReference; explicitFileType = wrapper.application; includeInIndex = 0; path = ARC.app; sourceTree = BUILT_PRODUCTS_DIR; };
		90993F35159777BC00FC1D49 /* UIKit.framework */ = {isa = PBXFileReference; lastKnownFileType = wrapper.framework; name = UIKit.framework; path = System/Library/Frameworks/UIKit.framework; sourceTree = SDKROOT; };
		90993F37159777BC00FC1D49 /* Foundation.framework */ = {isa = PBXFileReference; lastKnownFileType = wrapper.framework; name = Foundation.framework; path = System/Library/Frameworks/Foundation.framework; sourceTree = SDKROOT; };
		90993F39159777BC00FC1D49 /* CoreGraphics.framework */ = {isa = PBXFileReference; lastKnownFileType = wrapper.framework; name = CoreGraphics.framework; path = System/Library/Frameworks/CoreGraphics.framework; sourceTree = SDKROOT; };
		90993F3D159777BC00FC1D49 /* ARC-Info.plist */ = {isa = PBXFileReference; lastKnownFileType = text.plist.xml; path = "ARC-Info.plist"; sourceTree = "<group>"; };
		90993F3F159777BC00FC1D49 /* en */ = {isa = PBXFileReference; lastKnownFileType = text.plist.strings; name = en; path = en.lproj/InfoPlist.strings; sourceTree = "<group>"; };
		90993F41159777BC00FC1D49 /* main.m */ = {isa = PBXFileReference; lastKnownFileType = sourcecode.c.objc; path = main.m; sourceTree = "<group>"; };
		90993F43159777BC00FC1D49 /* ARC-Prefix.pch */ = {isa = PBXFileReference; lastKnownFileType = sourcecode.c.h; path = "ARC-Prefix.pch"; sourceTree = "<group>"; };
		90993F44159777BC00FC1D49 /* AppDelegate.h */ = {isa = PBXFileReference; lastKnownFileType = sourcecode.c.h; path = AppDelegate.h; sourceTree = "<group>"; };
		90993F45159777BC00FC1D49 /* AppDelegate.m */ = {isa = PBXFileReference; lastKnownFileType = sourcecode.c.objc; path = AppDelegate.m; sourceTree = "<group>"; };
		90993F48159777BC00FC1D49 /* en */ = {isa = PBXFileReference; lastKnownFileType = file.storyboard; name = en; path = en.lproj/MainStoryboard.storyboard; sourceTree = "<group>"; };
		90993F4A159777BC00FC1D49 /* ViewController.h */ = {isa = PBXFileReference; lastKnownFileType = sourcecode.c.h; path = ViewController.h; sourceTree = "<group>"; };
		90993F4B159777BC00FC1D49 /* ViewController.m */ = {isa = PBXFileReference; lastKnownFileType = sourcecode.c.objc; path = ViewController.m; sourceTree = "<group>"; };
		90993F521597780800FC1D49 /* Icon.png */ = {isa = PBXFileReference; lastKnownFileType = image.png; path = Icon.png; sourceTree = "<group>"; };
		90993F541597780B00FC1D49 /* Icon@2x.png */ = {isa = PBXFileReference; lastKnownFileType = image.png; path = "Icon@2x.png"; sourceTree = "<group>"; };
		90993F561597781400FC1D49 /* Default.png */ = {isa = PBXFileReference; lastKnownFileType = image.png; path = Default.png; sourceTree = "<group>"; };
		90993F581597782100FC1D49 /* Default@2x.png */ = {isa = PBXFileReference; lastKnownFileType = image.png; path = "Default@2x.png"; sourceTree = "<group>"; };
		90993F5A1597795B00FC1D49 /* Home.h */ = {isa = PBXFileReference; fileEncoding = 4; lastKnownFileType = sourcecode.c.h; path = Home.h; sourceTree = "<group>"; };
		90993F5B1597795B00FC1D49 /* Home.m */ = {isa = PBXFileReference; fileEncoding = 4; lastKnownFileType = sourcecode.c.objc; path = Home.m; sourceTree = "<group>"; };
		90993F5F1597796F00FC1D49 /* Register.h */ = {isa = PBXFileReference; fileEncoding = 4; lastKnownFileType = sourcecode.c.h; path = Register.h; sourceTree = "<group>"; };
		90993F601597796F00FC1D49 /* Register.m */ = {isa = PBXFileReference; fileEncoding = 4; lastKnownFileType = sourcecode.c.objc; path = Register.m; sourceTree = "<group>"; };
		90BFD08E1597928D00F5285E /* HomeNavigationController.h */ = {isa = PBXFileReference; fileEncoding = 4; lastKnownFileType = sourcecode.c.h; path = HomeNavigationController.h; sourceTree = "<group>"; };
		90BFD08F1597928D00F5285E /* HomeNavigationController.m */ = {isa = PBXFileReference; fileEncoding = 4; lastKnownFileType = sourcecode.c.objc; path = HomeNavigationController.m; sourceTree = "<group>"; };
		90BFD0921597943600F5285E /* rowButton.png */ = {isa = PBXFileReference; lastKnownFileType = image.png; path = rowButton.png; sourceTree = "<group>"; };
/* End PBXFileReference section */

/* Begin PBXFrameworksBuildPhase section */
		90993F2E159777BC00FC1D49 /* Frameworks */ = {
			isa = PBXFrameworksBuildPhase;
			buildActionMask = 2147483647;
			files = (
				90993F36159777BC00FC1D49 /* UIKit.framework in Frameworks */,
				90993F38159777BC00FC1D49 /* Foundation.framework in Frameworks */,
				90993F3A159777BC00FC1D49 /* CoreGraphics.framework in Frameworks */,
			);
			runOnlyForDeploymentPostprocessing = 0;
		};
/* End PBXFrameworksBuildPhase section */

/* Begin PBXGroup section */
		90993F26159777BB00FC1D49 = {
			isa = PBXGroup;
			children = (
				90993F581597782100FC1D49 /* Default@2x.png */,
				90993F561597781400FC1D49 /* Default.png */,
				90993F541597780B00FC1D49 /* Icon@2x.png */,
				90993F521597780800FC1D49 /* Icon.png */,
				90BFD0921597943600F5285E /* rowButton.png */,
				90993F3B159777BC00FC1D49 /* ARC */,
				90993F34159777BC00FC1D49 /* Frameworks */,
				90993F32159777BC00FC1D49 /* Products */,
			);
			sourceTree = "<group>";
		};
		90993F32159777BC00FC1D49 /* Products */ = {
			isa = PBXGroup;
			children = (
				90993F31159777BC00FC1D49 /* ARC.app */,
			);
			name = Products;
			sourceTree = "<group>";
		};
		90993F34159777BC00FC1D49 /* Frameworks */ = {
			isa = PBXGroup;
			children = (
				90993F35159777BC00FC1D49 /* UIKit.framework */,
				90993F37159777BC00FC1D49 /* Foundation.framework */,
				90993F39159777BC00FC1D49 /* CoreGraphics.framework */,
			);
			name = Frameworks;
			sourceTree = "<group>";
		};
		90993F3B159777BC00FC1D49 /* ARC */ = {
			isa = PBXGroup;
			children = (
				90993F44159777BC00FC1D49 /* AppDelegate.h */,
				90993F45159777BC00FC1D49 /* AppDelegate.m */,
				90993F47159777BC00FC1D49 /* MainStoryboard.storyboard */,
				90993F4A159777BC00FC1D49 /* ViewController.h */,
				90993F4B159777BC00FC1D49 /* ViewController.m */,
				90BFD08E1597928D00F5285E /* HomeNavigationController.h */,
				90BFD08F1597928D00F5285E /* HomeNavigationController.m */,
				90993F5A1597795B00FC1D49 /* Home.h */,
				90993F5B1597795B00FC1D49 /* Home.m */,
				90993F5F1597796F00FC1D49 /* Register.h */,
				90993F601597796F00FC1D49 /* Register.m */,
				90993F3C159777BC00FC1D49 /* Supporting Files */,
			);
			path = ARC;
			sourceTree = "<group>";
		};
		90993F3C159777BC00FC1D49 /* Supporting Files */ = {
			isa = PBXGroup;
			children = (
				90993F3D159777BC00FC1D49 /* ARC-Info.plist */,
				90993F3E159777BC00FC1D49 /* InfoPlist.strings */,
				90993F41159777BC00FC1D49 /* main.m */,
				90993F43159777BC00FC1D49 /* ARC-Prefix.pch */,
			);
			name = "Supporting Files";
			sourceTree = "<group>";
		};
/* End PBXGroup section */

/* Begin PBXNativeTarget section */
		90993F30159777BC00FC1D49 /* ARC */ = {
			isa = PBXNativeTarget;
			buildConfigurationList = 90993F4F159777BC00FC1D49 /* Build configuration list for PBXNativeTarget "ARC" */;
			buildPhases = (
				90993F2D159777BC00FC1D49 /* Sources */,
				90993F2E159777BC00FC1D49 /* Frameworks */,
				90993F2F159777BC00FC1D49 /* Resources */,
			);
			buildRules = (
			);
			dependencies = (
			);
			name = ARC;
			productName = ARC;
			productReference = 90993F31159777BC00FC1D49 /* ARC.app */;
			productType = "com.apple.product-type.application";
		};
/* End PBXNativeTarget section */

/* Begin PBXProject section */
		90993F28159777BB00FC1D49 /* Project object */ = {
			isa = PBXProject;
			attributes = {
				LastUpgradeCheck = 0430;
			};
			buildConfigurationList = 90993F2B159777BB00FC1D49 /* Build configuration list for PBXProject "ARC" */;
			compatibilityVersion = "Xcode 3.2";
			developmentRegion = English;
			hasScannedForEncodings = 0;
			knownRegions = (
				en,
			);
			mainGroup = 90993F26159777BB00FC1D49;
			productRefGroup = 90993F32159777BC00FC1D49 /* Products */;
			projectDirPath = "";
			projectRoot = "";
			targets = (
				90993F30159777BC00FC1D49 /* ARC */,
			);
		};
/* End PBXProject section */

/* Begin PBXResourcesBuildPhase section */
		90993F2F159777BC00FC1D49 /* Resources */ = {
			isa = PBXResourcesBuildPhase;
			buildActionMask = 2147483647;
			files = (
				90993F40159777BC00FC1D49 /* InfoPlist.strings in Resources */,
				90993F49159777BC00FC1D49 /* MainStoryboard.storyboard in Resources */,
				90993F531597780800FC1D49 /* Icon.png in Resources */,
				90993F551597780B00FC1D49 /* Icon@2x.png in Resources */,
				90993F571597781400FC1D49 /* Default.png in Resources */,
				90993F591597782100FC1D49 /* Default@2x.png in Resources */,
				90BFD0931597943600F5285E /* rowButton.png in Resources */,
			);
			runOnlyForDeploymentPostprocessing = 0;
		};
/* End PBXResourcesBuildPhase section */

/* Begin PBXSourcesBuildPhase section */
		90993F2D159777BC00FC1D49 /* Sources */ = {
			isa = PBXSourcesBuildPhase;
			buildActionMask = 2147483647;
			files = (
				90993F42159777BC00FC1D49 /* main.m in Sources */,
				90993F46159777BC00FC1D49 /* AppDelegate.m in Sources */,
				90993F4C159777BC00FC1D49 /* ViewController.m in Sources */,
				90993F5D1597795B00FC1D49 /* Home.m in Sources */,
				90993F611597797000FC1D49 /* Register.m in Sources */,
				90BFD0901597928D00F5285E /* HomeNavigationController.m in Sources */,
			);
			runOnlyForDeploymentPostprocessing = 0;
		};
/* End PBXSourcesBuildPhase section */

/* Begin PBXVariantGroup section */
		90993F3E159777BC00FC1D49 /* InfoPlist.strings */ = {
			isa = PBXVariantGroup;
			children = (
				90993F3F159777BC00FC1D49 /* en */,
			);
			name = InfoPlist.strings;
			sourceTree = "<group>";
		};
		90993F47159777BC00FC1D49 /* MainStoryboard.storyboard */ = {
			isa = PBXVariantGroup;
			children = (
				90993F48159777BC00FC1D49 /* en */,
			);
			name = MainStoryboard.storyboard;
			sourceTree = "<group>";
		};
/* End PBXVariantGroup section */

/* Begin XCBuildConfiguration section */
		90993F4D159777BC00FC1D49 /* Debug */ = {
			isa = XCBuildConfiguration;
			buildSettings = {
				ALWAYS_SEARCH_USER_PATHS = NO;
				ARCHS = "$(ARCHS_STANDARD_32_BIT)";
				CLANG_ENABLE_OBJC_ARC = YES;
				"CODE_SIGN_IDENTITY[sdk=iphoneos*]" = "iPhone Developer";
				COPY_PHASE_STRIP = NO;
				GCC_C_LANGUAGE_STANDARD = gnu99;
				GCC_DYNAMIC_NO_PIC = NO;
				GCC_OPTIMIZATION_LEVEL = 0;
				GCC_PREPROCESSOR_DEFINITIONS = (
					"DEBUG=1",
					"$(inherited)",
				);
				GCC_SYMBOLS_PRIVATE_EXTERN = NO;
				GCC_VERSION = com.apple.compilers.llvm.clang.1_0;
				GCC_WARN_ABOUT_RETURN_TYPE = YES;
				GCC_WARN_UNINITIALIZED_AUTOS = YES;
				GCC_WARN_UNUSED_VARIABLE = YES;
				IPHONEOS_DEPLOYMENT_TARGET = 5.1;
				SDKROOT = iphoneos;
			};
			name = Debug;
		};
		90993F4E159777BC00FC1D49 /* Release */ = {
			isa = XCBuildConfiguration;
			buildSettings = {
				ALWAYS_SEARCH_USER_PATHS = NO;
				ARCHS = "$(ARCHS_STANDARD_32_BIT)";
				CLANG_ENABLE_OBJC_ARC = YES;
				"CODE_SIGN_IDENTITY[sdk=iphoneos*]" = "iPhone Developer";
				COPY_PHASE_STRIP = YES;
				GCC_C_LANGUAGE_STANDARD = gnu99;
				GCC_VERSION = com.apple.compilers.llvm.clang.1_0;
				GCC_WARN_ABOUT_RETURN_TYPE = YES;
				GCC_WARN_UNINITIALIZED_AUTOS = YES;
				GCC_WARN_UNUSED_VARIABLE = YES;
				IPHONEOS_DEPLOYMENT_TARGET = 5.1;
				OTHER_CFLAGS = "-DNS_BLOCK_ASSERTIONS=1";
				SDKROOT = iphoneos;
				VALIDATE_PRODUCT = YES;
			};
			name = Release;
		};
		90993F50159777BC00FC1D49 /* Debug */ = {
			isa = XCBuildConfiguration;
			buildSettings = {
				GCC_PRECOMPILE_PREFIX_HEADER = YES;
				GCC_PREFIX_HEADER = "ARC/ARC-Prefix.pch";
				INFOPLIST_FILE = "ARC/ARC-Info.plist";
				PRODUCT_NAME = "$(TARGET_NAME)";
				WRAPPER_EXTENSION = app;
			};
			name = Debug;
		};
		90993F51159777BC00FC1D49 /* Release */ = {
			isa = XCBuildConfiguration;
			buildSettings = {
				GCC_PRECOMPILE_PREFIX_HEADER = YES;
				GCC_PREFIX_HEADER = "ARC/ARC-Prefix.pch";
				INFOPLIST_FILE = "ARC/ARC-Info.plist";
				PRODUCT_NAME = "$(TARGET_NAME)";
				WRAPPER_EXTENSION = app;
			};
			name = Release;
		};
/* End XCBuildConfiguration section */

/* Begin XCConfigurationList section */
		90993F2B159777BB00FC1D49 /* Build configuration list for PBXProject "ARC" */ = {
			isa = XCConfigurationList;
			buildConfigurations = (
				90993F4D159777BC00FC1D49 /* Debug */,
				90993F4E159777BC00FC1D49 /* Release */,
			);
			defaultConfigurationIsVisible = 0;
			defaultConfigurationName = Release;
		};
		90993F4F159777BC00FC1D49 /* Build configuration list for PBXNativeTarget "ARC" */ = {
			isa = XCConfigurationList;
			buildConfigurations = (
				90993F50159777BC00FC1D49 /* Debug */,
				90993F51159777BC00FC1D49 /* Release */,
			);
			defaultConfigurationIsVisible = 0;
			defaultConfigurationName = Release;
		};
/* End XCConfigurationList section */
	};
	rootObject = 90993F28159777BB00FC1D49 /* Project object */;
}
